
Microsoft Visual Studio Solution File, Format Version 12.00
# Visual Studio Version 17
VisualStudioVersion = 17.3.32825.248
MinimumVisualStudioVersion = 10.0.40219.1
Project("{9A19103F-16F7-4668-BE54-9A1E7A4F7556}") = "DesktopApp", "DesktopApp\DesktopApp.csproj", "{418E05B2-C36D-4D8F-9D34-73BC29677868}"
EndProject
Project("{9A19103F-16F7-4668-BE54-9A1E7A4F7556}") = "DataAccess", "DataAccess\DataAccess.csproj", "{52510172-F6FA-4039-8049-8E610562AC25}"
EndProject
Project("{9A19103F-16F7-4668-BE54-9A1E7A4F7556}") = "WebAPI", "WebAPI\WebAPI.csproj", "{D43A653B-5D66-4EA8-AC8D-33A32EDF9402}"
EndProject
Project("{9A19103F-16F7-4668-BE54-9A1E7A4F7556}") = "MVCSuperMarket", "MVCSuperMarkedet\MVCSuperMarket.csproj", "{E7BADD40-1619-4E1A-8997-8D04BBBA1099}"
EndProject
Project("{FAE04EC0-301F-11D3-BF4B-00C04F79EFBC}") = "RESTClient", "RESTClient\RESTClient.csproj", "{E6068239-8D8C-4389-A937-AE04E14B46F2}"
EndProject
Global
	GlobalSection(SolutionConfigurationPlatforms) = preSolution
		Debug|Any CPU = Debug|Any CPU
		Release|Any CPU = Release|Any CPU
	EndGlobalSection
	GlobalSection(ProjectConfigurationPlatforms) = postSolution
		{418E05B2-C36D-4D8F-9D34-73BC29677868}.Debug|Any CPU.ActiveCfg = Debug|Any CPU
		{418E05B2-C36D-4D8F-9D34-73BC29677868}.Debug|Any CPU.Build.0 = Debug|Any CPU
		{418E05B2-C36D-4D8F-9D34-73BC29677868}.Release|Any CPU.ActiveCfg = Release|Any CPU
		{418E05B2-C36D-4D8F-9D34-73BC29677868}.Release|Any CPU.Build.0 = Release|Any CPU
		{52510172-F6FA-4039-8049-8E610562AC25}.Debug|Any CPU.ActiveCfg = Debug|Any CPU
		{52510172-F6FA-4039-8049-8E610562AC25}.Debug|Any CPU.Build.0 = Debug|Any CPU
		{52510172-F6FA-4039-8049-8E610562AC25}.Release|Any CPU.ActiveCfg = Release|Any CPU
		{52510172-F6FA-4039-8049-8E610562AC25}.Release|Any CPU.Build.0 = Release|Any CPU
		{D43A653B-5D66-4EA8-AC8D-33A32EDF9402}.Debug|Any CPU.ActiveCfg = Debug|Any CPU
		{D43A653B-5D66-4EA8-AC8D-33A32EDF9402}.Debug|Any CPU.Build.0 = Debug|Any CPU
		{D43A653B-5D66-4EA8-AC8D-33A32EDF9402}.Release|Any CPU.ActiveCfg = Release|Any CPU
		{D43A653B-5D66-4EA8-AC8D-33A32EDF9402}.Release|Any CPU.Build.0 = Release|Any CPU
		{E7BADD40-1619-4E1A-8997-8D04BBBA1099}.Debug|Any CPU.ActiveCfg = Debug|Any CPU
		{E7BADD40-1619-4E1A-8997-8D04BBBA1099}.Debug|Any CPU.Build.0 = Debug|Any CPU
		{E7BADD40-1619-4E1A-8997-8D04BBBA1099}.Release|Any CPU.ActiveCfg = Release|Any CPU
		{E7BADD40-1619-4E1A-8997-8D04BBBA1099}.Release|Any CPU.Build.0 = Release|Any CPU
		{E6068239-8D8C-4389-A937-AE04E14B46F2}.Debug|Any CPU.ActiveCfg = Debug|Any CPU
		{E6068239-8D8C-4389-A937-AE04E14B46F2}.Debug|Any CPU.Build.0 = Debug|Any CPU
		{E6068239-8D8C-4389-A937-AE04E14B46F2}.Release|Any CPU.ActiveCfg = Release|Any CPU
		{E6068239-8D8C-4389-A937-AE04E14B46F2}.Release|Any CPU.Build.0 = Release|Any CPU
	EndGlobalSection
	GlobalSection(SolutionProperties) = preSolution
		HideSolutionNode = FALSE
	EndGlobalSection
	GlobalSection(ExtensibilityGlobals) = postSolution
		SolutionGuid = {B01743EB-9B3D-4155-9C43-918FF0132B8C}
	EndGlobalSection
EndGlobal
